// !$*UTF8*$!
{
	archiveVersion = 1;
	classes = {
	};
	objectVersion = 56;
	objects = {

/* Begin PBXBuildFile section */
		49EC59922BAE58AD0037F12C /* BinaryDataWriter.swift in Sources */ = {isa = PBXBuildFile; fileRef = 49EC598C2BAE58AD0037F12C /* BinaryDataWriter.swift */; };
		49EC59932BAE58AD0037F12C /* BinaryDataReader.swift in Sources */ = {isa = PBXBuildFile; fileRef = 49EC598D2BAE58AD0037F12C /* BinaryDataReader.swift */; };
		49EC59942BAE58AD0037F12C /* FourCharCode.swift in Sources */ = {isa = PBXBuildFile; fileRef = 49EC598E2BAE58AD0037F12C /* FourCharCode.swift */; };
		49EC59962BAE58AD0037F12C /* ResourceFile.swift in Sources */ = {isa = PBXBuildFile; fileRef = 49EC59902BAE58AD0037F12C /* ResourceFile.swift */; };
		49EC59972BAE58AD0037F12C /* SimpleCrypt.swift in Sources */ = {isa = PBXBuildFile; fileRef = 49EC59912BAE58AD0037F12C /* SimpleCrypt.swift */; };
		49EC59992BAE58D40037F12C /* main.swift in Sources */ = {isa = PBXBuildFile; fileRef = 49EC59982BAE58D40037F12C /* main.swift */; };
/* End PBXBuildFile section */

/* Begin PBXCopyFilesBuildPhase section */
		49EC59802BAE58990037F12C /* CopyFiles */ = {
			isa = PBXCopyFilesBuildPhase;
			buildActionMask = 2147483647;
			dstPath = /usr/share/man/man1/;
			dstSubfolderSpec = 0;
			files = (
			);
			runOnlyForDeploymentPostprocessing = 1;
		};
/* End PBXCopyFilesBuildPhase section */

/* Begin PBXFileReference section */
		49EC59822BAE58990037F12C /* pilotconvert */ = {isa = PBXFileReference; explicitFileType = "compiled.mach-o.executable"; includeInIndex = 0; path = pilotconvert; sourceTree = BUILT_PRODUCTS_DIR; };
		49EC598C2BAE58AD0037F12C /* BinaryDataWriter.swift */ = {isa = PBXFileReference; fileEncoding = 4; lastKnownFileType = sourcecode.swift; path = BinaryDataWriter.swift; sourceTree = "<group>"; };
		49EC598D2BAE58AD0037F12C /* BinaryDataReader.swift */ = {isa = PBXFileReference; fileEncoding = 4; lastKnownFileType = sourcecode.swift; path = BinaryDataReader.swift; sourceTree = "<group>"; };
		49EC598E2BAE58AD0037F12C /* FourCharCode.swift */ = {isa = PBXFileReference; fileEncoding = 4; lastKnownFileType = sourcecode.swift; path = FourCharCode.swift; sourceTree = "<group>"; };
		49EC59902BAE58AD0037F12C /* ResourceFile.swift */ = {isa = PBXFileReference; fileEncoding = 4; lastKnownFileType = sourcecode.swift; path = ResourceFile.swift; sourceTree = "<group>"; };
		49EC59912BAE58AD0037F12C /* SimpleCrypt.swift */ = {isa = PBXFileReference; fileEncoding = 4; lastKnownFileType = sourcecode.swift; path = SimpleCrypt.swift; sourceTree = "<group>"; };
		49EC59982BAE58D40037F12C /* main.swift */ = {isa = PBXFileReference; fileEncoding = 4; lastKnownFileType = sourcecode.swift; path = main.swift; sourceTree = "<group>"; };
/* End PBXFileReference section */

/* Begin PBXFrameworksBuildPhase section */
		49EC597F2BAE58990037F12C /* Frameworks */ = {
			isa = PBXFrameworksBuildPhase;
			buildActionMask = 2147483647;
			files = (
			);
			runOnlyForDeploymentPostprocessing = 0;
		};
/* End PBXFrameworksBuildPhase section */

/* Begin PBXGroup section */
		49EC59792BAE58990037F12C = {
			isa = PBXGroup;
			children = (
				49EC59842BAE58990037F12C /* pilotconvert */,
				49EC59832BAE58990037F12C /* Products */,
			);
			sourceTree = "<group>";
		};
		49EC59832BAE58990037F12C /* Products */ = {
			isa = PBXGroup;
			children = (
				49EC59822BAE58990037F12C /* pilotconvert */,
			);
			name = Products;
			sourceTree = "<group>";
		};
		49EC59842BAE58990037F12C /* pilotconvert */ = {
			isa = PBXGroup;
			children = (
				49EC598D2BAE58AD0037F12C /* BinaryDataReader.swift */,
				49EC598C2BAE58AD0037F12C /* BinaryDataWriter.swift */,
				49EC598E2BAE58AD0037F12C /* FourCharCode.swift */,
				49EC59982BAE58D40037F12C /* main.swift */,
				49EC59902BAE58AD0037F12C /* ResourceFile.swift */,
				49EC59912BAE58AD0037F12C /* SimpleCrypt.swift */,
			);
			path = pilotconvert;
			sourceTree = "<group>";
		};
/* End PBXGroup section */

/* Begin PBXNativeTarget section */
		49EC59812BAE58990037F12C /* pilotconvert */ = {
			isa = PBXNativeTarget;
			buildConfigurationList = 49EC59892BAE58990037F12C /* Build configuration list for PBXNativeTarget "pilotconvert" */;
			buildPhases = (
				49EC597E2BAE58990037F12C /* Sources */,
				49EC597F2BAE58990037F12C /* Frameworks */,
				49EC59802BAE58990037F12C /* CopyFiles */,
			);
			buildRules = (
			);
			dependencies = (
			);
			name = pilotconvert;
			productName = pilotconvert;
			productReference = 49EC59822BAE58990037F12C /* pilotconvert */;
			productType = "com.apple.product-type.tool";
		};
/* End PBXNativeTarget section */

/* Begin PBXProject section */
		49EC597A2BAE58990037F12C /* Project object */ = {
			isa = PBXProject;
			attributes = {
				BuildIndependentTargetsInParallel = 1;
				LastSwiftUpdateCheck = 1530;
				LastUpgradeCheck = 1530;
				TargetAttributes = {
					49EC59812BAE58990037F12C = {
						CreatedOnToolsVersion = 15.3;
					};
				};
			};
			buildConfigurationList = 49EC597D2BAE58990037F12C /* Build configuration list for PBXProject "pilotconvert" */;
			compatibilityVersion = "Xcode 14.0";
			developmentRegion = en;
			hasScannedForEncodings = 0;
			knownRegions = (
				en,
				Base,
			);
			mainGroup = 49EC59792BAE58990037F12C;
			productRefGroup = 49EC59832BAE58990037F12C /* Products */;
			projectDirPath = "";
			projectRoot = "";
			targets = (
				49EC59812BAE58990037F12C /* pilotconvert */,
			);
		};
/* End PBXProject section */

/* Begin PBXSourcesBuildPhase section */
		49EC597E2BAE58990037F12C /* Sources */ = {
			isa = PBXSourcesBuildPhase;
			buildActionMask = 2147483647;
			files = (
				49EC59972BAE58AD0037F12C /* SimpleCrypt.swift in Sources */,
				49EC59932BAE58AD0037F12C /* BinaryDataReader.swift in Sources */,
				49EC59992BAE58D40037F12C /* main.swift in Sources */,
				49EC59942BAE58AD0037F12C /* FourCharCode.swift in Sources */,
				49EC59922BAE58AD0037F12C /* BinaryDataWriter.swift in Sources */,
				49EC59962BAE58AD0037F12C /* ResourceFile.swift in Sources */,
			);
			runOnlyForDeploymentPostprocessing = 0;
		};
/* End PBXSourcesBuildPhase section */

/* Begin XCBuildConfiguration section */
		49EC59872BAE58990037F12C /* Debug */ = {
			isa = XCBuildConfiguration;
			buildSettings = {
				ALWAYS_SEARCH_USER_PATHS = NO;
				ASSETCATALOG_COMPILER_GENERATE_SWIFT_ASSET_SYMBOL_EXTENSIONS = YES;
				CLANG_ANALYZER_NONNULL = YES;
				CLANG_ANALYZER_NUMBER_OBJECT_CONVERSION = YES_AGGRESSIVE;
				CLANG_CXX_LANGUAGE_STANDARD = "gnu++20";
				CLANG_ENABLE_MODULES = YES;
				CLANG_ENABLE_OBJC_ARC = YES;
				CLANG_ENABLE_OBJC_WEAK = YES;
				CLANG_WARN_BLOCK_CAPTURE_AUTORELEASING = YES;
				CLANG_WARN_BOOL_CONVERSION = YES;
				CLANG_WARN_COMMA = YES;
				CLANG_WARN_CONSTANT_CONVERSION = YES;
				CLANG_WARN_DEPRECATED_OBJC_IMPLEMENTATIONS = YES;
				CLANG_WARN_DIRECT_OBJC_ISA_USAGE = YES_ERROR;
				CLANG_WARN_DOCUMENTATION_COMMENTS = YES;
				CLANG_WARN_EMPTY_BODY = YES;
				CLANG_WARN_ENUM_CONVERSION = YES;
				CLANG_WARN_INFINITE_RECURSION = YES;
				CLANG_WARN_INT_CONVERSION = YES;
				CLANG_WARN_NON_LITERAL_NULL_CONVERSION = YES;
				CLANG_WARN_OBJC_IMPLICIT_RETAIN_SELF = YES;
				CLANG_WARN_OBJC_LITERAL_CONVERSION = YES;
				CLANG_WARN_OBJC_ROOT_CLASS = YES_ERROR;
				CLANG_WARN_QUOTED_INCLUDE_IN_FRAMEWORK_HEADER = YES;
				CLANG_WARN_RANGE_LOOP_ANALYSIS = YES;
				CLANG_WARN_STRICT_PROTOTYPES = YES;
				CLANG_WARN_SUSPICIOUS_MOVE = YES;
				CLANG_WARN_UNGUARDED_AVAILABILITY = YES_AGGRESSIVE;
				CLANG_WARN_UNREACHABLE_CODE = YES;
				CLANG_WARN__DUPLICATE_METHOD_MATCH = YES;
				COPY_PHASE_STRIP = NO;
				DEBUG_INFORMATION_FORMAT = dwarf;
				ENABLE_STRICT_OBJC_MSGSEND = YES;
				ENABLE_TESTABILITY = YES;
				ENABLE_USER_SCRIPT_SANDBOXING = YES;
				GCC_C_LANGUAGE_STANDARD = gnu17;
				GCC_DYNAMIC_NO_PIC = NO;
				GCC_NO_COMMON_BLOCKS = YES;
				GCC_OPTIMIZATION_LEVEL = 0;
				GCC_PREPROCESSOR_DEFINITIONS = (
					"DEBUG=1",
					"$(inherited)",
				);
				GCC_WARN_64_TO_32_BIT_CONVERSION = YES;
				GCC_WARN_ABOUT_RETURN_TYPE = YES_ERROR;
				GCC_WARN_UNDECLARED_SELECTOR = YES;
				GCC_WARN_UNINITIALIZED_AUTOS = YES_AGGRESSIVE;
				GCC_WARN_UNUSED_FUNCTION = YES;
				GCC_WARN_UNUSED_VARIABLE = YES;
				LOCALIZATION_PREFERS_STRING_CATALOGS = YES;
				MACOSX_DEPLOYMENT_TARGET = 10.15;
				MTL_ENABLE_DEBUG_INFO = INCLUDE_SOURCE;
				MTL_FAST_MATH = YES;
				ONLY_ACTIVE_ARCH = YES;
				SDKROOT = macosx;
				SWIFT_ACTIVE_COMPILATION_CONDITIONS = "DEBUG $(inherited)";
				SWIFT_OPTIMIZATION_LEVEL = "-Onone";
			};
			name = Debug;
		};
		49EC59882BAE58990037F12C /* Release */ = {
			isa = XCBuildConfiguration;
			buildSettings = {
				ALWAYS_SEARCH_USER_PATHS = NO;
				ASSETCATALOG_COMPILER_GENERATE_SWIFT_ASSET_SYMBOL_EXTENSIONS = YES;
				CLANG_ANALYZER_NONNULL = YES;
				CLANG_ANALYZER_NUMBER_OBJECT_CONVERSION = YES_AGGRESSIVE;
				CLANG_CXX_LANGUAGE_STANDARD = "gnu++20";
				CLANG_ENABLE_MODULES = YES;
				CLANG_ENABLE_OBJC_ARC = YES;
				CLANG_ENABLE_OBJC_WEAK = YES;
				CLANG_WARN_BLOCK_CAPTURE_AUTORELEASING = YES;
				CLANG_WARN_BOOL_CONVERSION = YES;
				CLANG_WARN_COMMA = YES;
				CLANG_WARN_CONSTANT_CONVERSION = YES;
				CLANG_WARN_DEPRECATED_OBJC_IMPLEMENTATIONS = YES;
				CLANG_WARN_DIRECT_OBJC_ISA_USAGE = YES_ERROR;
				CLANG_WARN_DOCUMENTATION_COMMENTS = YES;
				CLANG_WARN_EMPTY_BODY = YES;
				CLANG_WARN_ENUM_CONVERSION = YES;
				CLANG_WARN_INFINITE_RECURSION = YES;
				CLANG_WARN_INT_CONVERSION = YES;
				CLANG_WARN_NON_LITERAL_NULL_CONVERSION = YES;
				CLANG_WARN_OBJC_IMPLICIT_RETAIN_SELF = YES;
				CLANG_WARN_OBJC_LITERAL_CONVERSION = YES;
				CLANG_WARN_OBJC_ROOT_CLASS = YES_ERROR;
				CLANG_WARN_QUOTED_INCLUDE_IN_FRAMEWORK_HEADER = YES;
				CLANG_WARN_RANGE_LOOP_ANALYSIS = YES;
				CLANG_WARN_STRICT_PROTOTYPES = YES;
				CLANG_WARN_SUSPICIOUS_MOVE = YES;
				CLANG_WARN_UNGUARDED_AVAILABILITY = YES_AGGRESSIVE;
				CLANG_WARN_UNREACHABLE_CODE = YES;
				CLANG_WARN__DUPLICATE_METHOD_MATCH = YES;
				COPY_PHASE_STRIP = NO;
				DEBUG_INFORMATION_FORMAT = "dwarf-with-dsym";
				ENABLE_NS_ASSERTIONS = NO;
				ENABLE_STRICT_OBJC_MSGSEND = YES;
				ENABLE_USER_SCRIPT_SANDBOXING = YES;
				GCC_C_LANGUAGE_STANDARD = gnu17;
				GCC_NO_COMMON_BLOCKS = YES;
				GCC_WARN_64_TO_32_BIT_CONVERSION = YES;
				GCC_WARN_ABOUT_RETURN_TYPE = YES_ERROR;
				GCC_WARN_UNDECLARED_SELECTOR = YES;
				GCC_WARN_UNINITIALIZED_AUTOS = YES_AGGRESSIVE;
				GCC_WARN_UNUSED_FUNCTION = YES;
				GCC_WARN_UNUSED_VARIABLE = YES;
				LOCALIZATION_PREFERS_STRING_CATALOGS = YES;
				MACOSX_DEPLOYMENT_TARGET = 10.15;
				MTL_ENABLE_DEBUG_INFO = NO;
				MTL_FAST_MATH = YES;
				SDKROOT = macosx;
				SWIFT_COMPILATION_MODE = wholemodule;
			};
			name = Release;
		};
		49EC598A2BAE58990037F12C /* Debug */ = {
			isa = XCBuildConfiguration;
			buildSettings = {
				CODE_SIGN_STYLE = Automatic;
				PRODUCT_NAME = "$(TARGET_NAME)";
				SWIFT_VERSION = 5.0;
			};
			name = Debug;
		};
		49EC598B2BAE58990037F12C /* Release */ = {
			isa = XCBuildConfiguration;
			buildSettings = {
				CODE_SIGN_STYLE = Automatic;
				PRODUCT_NAME = "$(TARGET_NAME)";
				SWIFT_VERSION = 5.0;
			};
			name = Release;
		};
/* End XCBuildConfiguration section */

/* Begin XCConfigurationList section */
		49EC597D2BAE58990037F12C /* Build configuration list for PBXProject "pilotconvert" */ = {
			isa = XCConfigurationList;
			buildConfigurations = (
				49EC59872BAE58990037F12C /* Debug */,
				49EC59882BAE58990037F12C /* Release */,
			);
			defaultConfigurationIsVisible = 0;
			defaultConfigurationName = Release;
		};
		49EC59892BAE58990037F12C /* Build configuration list for PBXNativeTarget "pilotconvert" */ = {
			isa = XCConfigurationList;
			buildConfigurations = (
				49EC598A2BAE58990037F12C /* Debug */,
				49EC598B2BAE58990037F12C /* Release */,
			);
			defaultConfigurationIsVisible = 0;
			defaultConfigurationName = Release;
		};
/* End XCConfigurationList section */
	};
	rootObject = 49EC597A2BAE58990037F12C /* Project object */;
}
